
Microsoft Visual Studio Solution File, Format Version 12.00
# Visual Studio Version 17
VisualStudioVersion = 17.9.34728.123
MinimumVisualStudioVersion = 10.0.40219.1
Project("{2150E333-8FDC-42A3-9474-1A3956D46DE8}") = "Services", "Services", "{6298F00C-B9BE-4882-BF76-4B69D332DF95}"
EndProject
Project("{2150E333-8FDC-42A3-9474-1A3956D46DE8}") = "Catalog", "Catalog", "{9F04BFB8-75EF-45AE-A12D-6FB111CBA629}"
EndProject
Project("{9A19103F-16F7-4668-BE54-9A1E7A4F7556}") = "Catalog.API", "src\Services\Catalog\Catalog.API\Catalog.API.csproj", "{9F0F92FF-8CC9-429E-9EDC-C62325F905B0}"
EndProject
Project("{2150E333-8FDC-42A3-9474-1A3956D46DE8}") = "BuildingBlocks", "BuildingBlocks", "{CE8156D5-90E1-497E-9B10-D61730F6CC08}"
EndProject
Project("{9A19103F-16F7-4668-BE54-9A1E7A4F7556}") = "BuildingBlocks", "src\BuildingBlocks\BuildingBlocks\BuildingBlocks.csproj", "{A46D6861-A79D-4A11-AAA5-E1F724A2174C}"
EndProject
Project("{E53339B2-1760-4266-BCC7-CA923CBCF16C}") = "docker-compose", "docker-compose.dcproj", "{86BD8FEA-AE5F-48BE-B15A-3050F1759BFF}"
EndProject
Project("{2150E333-8FDC-42A3-9474-1A3956D46DE8}") = "Basket", "Basket", "{7435B762-9B78-43C8-A9B6-7E137FD267EA}"
EndProject
Project("{FAE04EC0-301F-11D3-BF4B-00C04F79EFBC}") = "Basket.API", "src\Services\Basket\Basket.API\Basket.API.csproj", "{60FA97F8-73FB-402D-BAA3-49AC65528C5A}"
EndProject
Global
	GlobalSection(SolutionConfigurationPlatforms) = preSolution
		Debug|Any CPU = Debug|Any CPU
		Release|Any CPU = Release|Any CPU
	EndGlobalSection
	GlobalSection(ProjectConfigurationPlatforms) = postSolution
		{9F0F92FF-8CC9-429E-9EDC-C62325F905B0}.Debug|Any CPU.ActiveCfg = Debug|Any CPU
		{9F0F92FF-8CC9-429E-9EDC-C62325F905B0}.Debug|Any CPU.Build.0 = Debug|Any CPU
		{9F0F92FF-8CC9-429E-9EDC-C62325F905B0}.Release|Any CPU.ActiveCfg = Release|Any CPU
		{9F0F92FF-8CC9-429E-9EDC-C62325F905B0}.Release|Any CPU.Build.0 = Release|Any CPU
		{A46D6861-A79D-4A11-AAA5-E1F724A2174C}.Debug|Any CPU.ActiveCfg = Debug|Any CPU
		{A46D6861-A79D-4A11-AAA5-E1F724A2174C}.Debug|Any CPU.Build.0 = Debug|Any CPU
		{A46D6861-A79D-4A11-AAA5-E1F724A2174C}.Release|Any CPU.ActiveCfg = Release|Any CPU
		{A46D6861-A79D-4A11-AAA5-E1F724A2174C}.Release|Any CPU.Build.0 = Release|Any CPU
		{86BD8FEA-AE5F-48BE-B15A-3050F1759BFF}.Debug|Any CPU.ActiveCfg = Debug|Any CPU
		{86BD8FEA-AE5F-48BE-B15A-3050F1759BFF}.Debug|Any CPU.Build.0 = Debug|Any CPU
		{86BD8FEA-AE5F-48BE-B15A-3050F1759BFF}.Release|Any CPU.ActiveCfg = Release|Any CPU
		{86BD8FEA-AE5F-48BE-B15A-3050F1759BFF}.Release|Any CPU.Build.0 = Release|Any CPU
		{60FA97F8-73FB-402D-BAA3-49AC65528C5A}.Debug|Any CPU.ActiveCfg = Debug|Any CPU
		{60FA97F8-73FB-402D-BAA3-49AC65528C5A}.Debug|Any CPU.Build.0 = Debug|Any CPU
		{60FA97F8-73FB-402D-BAA3-49AC65528C5A}.Release|Any CPU.ActiveCfg = Release|Any CPU
		{60FA97F8-73FB-402D-BAA3-49AC65528C5A}.Release|Any CPU.Build.0 = Release|Any CPU
	EndGlobalSection
	GlobalSection(SolutionProperties) = preSolution
		HideSolutionNode = FALSE
	EndGlobalSection
	GlobalSection(NestedProjects) = preSolution
		{9F04BFB8-75EF-45AE-A12D-6FB111CBA629} = {6298F00C-B9BE-4882-BF76-4B69D332DF95}
		{9F0F92FF-8CC9-429E-9EDC-C62325F905B0} = {9F04BFB8-75EF-45AE-A12D-6FB111CBA629}
		{A46D6861-A79D-4A11-AAA5-E1F724A2174C} = {CE8156D5-90E1-497E-9B10-D61730F6CC08}
		{7435B762-9B78-43C8-A9B6-7E137FD267EA} = {6298F00C-B9BE-4882-BF76-4B69D332DF95}
		{60FA97F8-73FB-402D-BAA3-49AC65528C5A} = {7435B762-9B78-43C8-A9B6-7E137FD267EA}
	EndGlobalSection
	GlobalSection(ExtensibilityGlobals) = postSolution
		SolutionGuid = {AD13C459-B3D9-40C2-A69A-ADEE42D8119A}
	EndGlobalSection
EndGlobal
