
Microsoft Visual Studio Solution File, Format Version 12.00
# Visual Studio Version 17
VisualStudioVersion = 17.9.34728.123
MinimumVisualStudioVersion = 10.0.40219.1
Project("{2150E333-8FDC-42A3-9474-1A3956D46DE8}") = "Services", "Services", "{6298F00C-B9BE-4882-BF76-4B69D332DF95}"
EndProject
Project("{2150E333-8FDC-42A3-9474-1A3956D46DE8}") = "Catalog", "Catalog", "{9F04BFB8-75EF-45AE-A12D-6FB111CBA629}"
EndProject
Project("{FAE04EC0-301F-11D3-BF4B-00C04F79EFBC}") = "Catalog.API", "src\Services\Catalog\WebApplication1\Catalog.API.csproj", "{9F0F92FF-8CC9-429E-9EDC-C62325F905B0}"
EndProject
Project("{2150E333-8FDC-42A3-9474-1A3956D46DE8}") = "BuildingBlocks", "BuildingBlocks", "{CE8156D5-90E1-497E-9B10-D61730F6CC08}"
EndProject
Global
	GlobalSection(SolutionConfigurationPlatforms) = preSolution
		Debug|Any CPU = Debug|Any CPU
		Release|Any CPU = Release|Any CPU
	EndGlobalSection
	GlobalSection(ProjectConfigurationPlatforms) = postSolution
		{9F0F92FF-8CC9-429E-9EDC-C62325F905B0}.Debug|Any CPU.ActiveCfg = Debug|Any CPU
		{9F0F92FF-8CC9-429E-9EDC-C62325F905B0}.Debug|Any CPU.Build.0 = Debug|Any CPU
		{9F0F92FF-8CC9-429E-9EDC-C62325F905B0}.Release|Any CPU.ActiveCfg = Release|Any CPU
		{9F0F92FF-8CC9-429E-9EDC-C62325F905B0}.Release|Any CPU.Build.0 = Release|Any CPU
	EndGlobalSection
	GlobalSection(SolutionProperties) = preSolution
		HideSolutionNode = FALSE
	EndGlobalSection
	GlobalSection(NestedProjects) = preSolution
		{9F04BFB8-75EF-45AE-A12D-6FB111CBA629} = {6298F00C-B9BE-4882-BF76-4B69D332DF95}
		{9F0F92FF-8CC9-429E-9EDC-C62325F905B0} = {9F04BFB8-75EF-45AE-A12D-6FB111CBA629}
	EndGlobalSection
	GlobalSection(ExtensibilityGlobals) = postSolution
		SolutionGuid = {AD13C459-B3D9-40C2-A69A-ADEE42D8119A}
	EndGlobalSection
EndGlobal
