
Microsoft Visual Studio Solution File, Format Version 12.00
# Visual Studio Version 17
VisualStudioVersion = 17.9.34728.123
MinimumVisualStudioVersion = 10.0.40219.1
Project("{2150E333-8FDC-42A3-9474-1A3956D46DE8}") = "Services", "Services", "{6298F00C-B9BE-4882-BF76-4B69D332DF95}"
EndProject
Project("{2150E333-8FDC-42A3-9474-1A3956D46DE8}") = "Catalog", "Catalog", "{9F04BFB8-75EF-45AE-A12D-6FB111CBA629}"
EndProject
Project("{9A19103F-16F7-4668-BE54-9A1E7A4F7556}") = "Catalog.API", "src\Services\Catalog\Catalog.API\Catalog.API.csproj", "{9F0F92FF-8CC9-429E-9EDC-C62325F905B0}"
EndProject
Project("{2150E333-8FDC-42A3-9474-1A3956D46DE8}") = "BuildingBlocks", "BuildingBlocks", "{CE8156D5-90E1-497E-9B10-D61730F6CC08}"
EndProject
Project("{9A19103F-16F7-4668-BE54-9A1E7A4F7556}") = "BuildingBlocks", "src\BuildingBlocks\BuildingBlocks\BuildingBlocks.csproj", "{A46D6861-A79D-4A11-AAA5-E1F724A2174C}"
EndProject
Project("{E53339B2-1760-4266-BCC7-CA923CBCF16C}") = "docker-compose", "docker-compose.dcproj", "{86BD8FEA-AE5F-48BE-B15A-3050F1759BFF}"
EndProject
Project("{2150E333-8FDC-42A3-9474-1A3956D46DE8}") = "Basket", "Basket", "{7435B762-9B78-43C8-A9B6-7E137FD267EA}"
EndProject
Project("{9A19103F-16F7-4668-BE54-9A1E7A4F7556}") = "Basket.API", "src\Services\Basket\Basket.API\Basket.API.csproj", "{60FA97F8-73FB-402D-BAA3-49AC65528C5A}"
EndProject
Project("{2150E333-8FDC-42A3-9474-1A3956D46DE8}") = "Discount", "Discount", "{C3F802B8-D10D-438A-9A90-75AF99FBA1FD}"
EndProject
Project("{9A19103F-16F7-4668-BE54-9A1E7A4F7556}") = "Discount.Grpc", "src\Services\Discount\Discount.Grpc\Discount.Grpc.csproj", "{83E78BB3-4F80-4096-BC43-2F65D7D977F8}"
EndProject
Project("{2150E333-8FDC-42A3-9474-1A3956D46DE8}") = "Ordering", "Ordering", "{F0B96139-F86C-4ABC-809C-AB9DF24CC193}"
EndProject
Project("{9A19103F-16F7-4668-BE54-9A1E7A4F7556}") = "Ordering.API", "src\Services\Ordering\Ordering.API\Ordering.API.csproj", "{5D579F8E-E677-45A6-BCA2-853FFBBD95B3}"
EndProject
Project("{9A19103F-16F7-4668-BE54-9A1E7A4F7556}") = "Ordering.Domain", "src\Services\Ordering\Ordering.Domain\Ordering.Domain.csproj", "{12737F7D-33FD-4293-B718-ABC73B7EB830}"
EndProject
Project("{9A19103F-16F7-4668-BE54-9A1E7A4F7556}") = "Ordering.Application", "src\Services\Ordering\Ordering.Application\Ordering.Application.csproj", "{581FFC1A-F04A-4616-828D-C50987C52801}"
EndProject
Project("{9A19103F-16F7-4668-BE54-9A1E7A4F7556}") = "Ordering.Infrastructure", "src\Services\Ordering\Ordering.Infrastructure\Ordering.Infrastructure.csproj", "{054A9F9E-FDFB-40FB-8E61-C1D26150C6DF}"
EndProject
Project("{9A19103F-16F7-4668-BE54-9A1E7A4F7556}") = "BuildingBlocks.Messaging", "src\BuildingBlocks\BuildingBlocks.Messaging\BuildingBlocks.Messaging.csproj", "{2593E4C3-D977-4A85-822A-05C9FAA41CB2}"
EndProject
Project("{2150E333-8FDC-42A3-9474-1A3956D46DE8}") = "ApiGateways", "ApiGateways", "{201FA09B-9454-43DE-ACED-2A5E33E5C878}"
EndProject
Project("{FAE04EC0-301F-11D3-BF4B-00C04F79EFBC}") = "YarpApiGateway", "src\ApiGateways\YarpApiGateway\YarpApiGateway.csproj", "{2067C1C4-D571-4C2E-811B-7A2C4E9037AB}"
EndProject
Global
	GlobalSection(SolutionConfigurationPlatforms) = preSolution
		Debug|Any CPU = Debug|Any CPU
		Release|Any CPU = Release|Any CPU
	EndGlobalSection
	GlobalSection(ProjectConfigurationPlatforms) = postSolution
		{9F0F92FF-8CC9-429E-9EDC-C62325F905B0}.Debug|Any CPU.ActiveCfg = Debug|Any CPU
		{9F0F92FF-8CC9-429E-9EDC-C62325F905B0}.Debug|Any CPU.Build.0 = Debug|Any CPU
		{9F0F92FF-8CC9-429E-9EDC-C62325F905B0}.Release|Any CPU.ActiveCfg = Release|Any CPU
		{9F0F92FF-8CC9-429E-9EDC-C62325F905B0}.Release|Any CPU.Build.0 = Release|Any CPU
		{A46D6861-A79D-4A11-AAA5-E1F724A2174C}.Debug|Any CPU.ActiveCfg = Debug|Any CPU
		{A46D6861-A79D-4A11-AAA5-E1F724A2174C}.Debug|Any CPU.Build.0 = Debug|Any CPU
		{A46D6861-A79D-4A11-AAA5-E1F724A2174C}.Release|Any CPU.ActiveCfg = Release|Any CPU
		{A46D6861-A79D-4A11-AAA5-E1F724A2174C}.Release|Any CPU.Build.0 = Release|Any CPU
		{86BD8FEA-AE5F-48BE-B15A-3050F1759BFF}.Debug|Any CPU.ActiveCfg = Debug|Any CPU
		{86BD8FEA-AE5F-48BE-B15A-3050F1759BFF}.Debug|Any CPU.Build.0 = Debug|Any CPU
		{86BD8FEA-AE5F-48BE-B15A-3050F1759BFF}.Release|Any CPU.ActiveCfg = Release|Any CPU
		{86BD8FEA-AE5F-48BE-B15A-3050F1759BFF}.Release|Any CPU.Build.0 = Release|Any CPU
		{60FA97F8-73FB-402D-BAA3-49AC65528C5A}.Debug|Any CPU.ActiveCfg = Debug|Any CPU
		{60FA97F8-73FB-402D-BAA3-49AC65528C5A}.Debug|Any CPU.Build.0 = Debug|Any CPU
		{60FA97F8-73FB-402D-BAA3-49AC65528C5A}.Release|Any CPU.ActiveCfg = Release|Any CPU
		{60FA97F8-73FB-402D-BAA3-49AC65528C5A}.Release|Any CPU.Build.0 = Release|Any CPU
		{83E78BB3-4F80-4096-BC43-2F65D7D977F8}.Debug|Any CPU.ActiveCfg = Debug|Any CPU
		{83E78BB3-4F80-4096-BC43-2F65D7D977F8}.Debug|Any CPU.Build.0 = Debug|Any CPU
		{83E78BB3-4F80-4096-BC43-2F65D7D977F8}.Release|Any CPU.ActiveCfg = Release|Any CPU
		{83E78BB3-4F80-4096-BC43-2F65D7D977F8}.Release|Any CPU.Build.0 = Release|Any CPU
		{5D579F8E-E677-45A6-BCA2-853FFBBD95B3}.Debug|Any CPU.ActiveCfg = Debug|Any CPU
		{5D579F8E-E677-45A6-BCA2-853FFBBD95B3}.Debug|Any CPU.Build.0 = Debug|Any CPU
		{5D579F8E-E677-45A6-BCA2-853FFBBD95B3}.Release|Any CPU.ActiveCfg = Release|Any CPU
		{5D579F8E-E677-45A6-BCA2-853FFBBD95B3}.Release|Any CPU.Build.0 = Release|Any CPU
		{12737F7D-33FD-4293-B718-ABC73B7EB830}.Debug|Any CPU.ActiveCfg = Debug|Any CPU
		{12737F7D-33FD-4293-B718-ABC73B7EB830}.Debug|Any CPU.Build.0 = Debug|Any CPU
		{12737F7D-33FD-4293-B718-ABC73B7EB830}.Release|Any CPU.ActiveCfg = Release|Any CPU
		{12737F7D-33FD-4293-B718-ABC73B7EB830}.Release|Any CPU.Build.0 = Release|Any CPU
		{581FFC1A-F04A-4616-828D-C50987C52801}.Debug|Any CPU.ActiveCfg = Debug|Any CPU
		{581FFC1A-F04A-4616-828D-C50987C52801}.Debug|Any CPU.Build.0 = Debug|Any CPU
		{581FFC1A-F04A-4616-828D-C50987C52801}.Release|Any CPU.ActiveCfg = Release|Any CPU
		{581FFC1A-F04A-4616-828D-C50987C52801}.Release|Any CPU.Build.0 = Release|Any CPU
		{054A9F9E-FDFB-40FB-8E61-C1D26150C6DF}.Debug|Any CPU.ActiveCfg = Debug|Any CPU
		{054A9F9E-FDFB-40FB-8E61-C1D26150C6DF}.Debug|Any CPU.Build.0 = Debug|Any CPU
		{054A9F9E-FDFB-40FB-8E61-C1D26150C6DF}.Release|Any CPU.ActiveCfg = Release|Any CPU
		{054A9F9E-FDFB-40FB-8E61-C1D26150C6DF}.Release|Any CPU.Build.0 = Release|Any CPU
		{2593E4C3-D977-4A85-822A-05C9FAA41CB2}.Debug|Any CPU.ActiveCfg = Debug|Any CPU
		{2593E4C3-D977-4A85-822A-05C9FAA41CB2}.Debug|Any CPU.Build.0 = Debug|Any CPU
		{2593E4C3-D977-4A85-822A-05C9FAA41CB2}.Release|Any CPU.ActiveCfg = Release|Any CPU
		{2593E4C3-D977-4A85-822A-05C9FAA41CB2}.Release|Any CPU.Build.0 = Release|Any CPU
		{2067C1C4-D571-4C2E-811B-7A2C4E9037AB}.Debug|Any CPU.ActiveCfg = Debug|Any CPU
		{2067C1C4-D571-4C2E-811B-7A2C4E9037AB}.Debug|Any CPU.Build.0 = Debug|Any CPU
		{2067C1C4-D571-4C2E-811B-7A2C4E9037AB}.Release|Any CPU.ActiveCfg = Release|Any CPU
		{2067C1C4-D571-4C2E-811B-7A2C4E9037AB}.Release|Any CPU.Build.0 = Release|Any CPU
	EndGlobalSection
	GlobalSection(SolutionProperties) = preSolution
		HideSolutionNode = FALSE
	EndGlobalSection
	GlobalSection(NestedProjects) = preSolution
		{9F04BFB8-75EF-45AE-A12D-6FB111CBA629} = {6298F00C-B9BE-4882-BF76-4B69D332DF95}
		{9F0F92FF-8CC9-429E-9EDC-C62325F905B0} = {9F04BFB8-75EF-45AE-A12D-6FB111CBA629}
		{A46D6861-A79D-4A11-AAA5-E1F724A2174C} = {CE8156D5-90E1-497E-9B10-D61730F6CC08}
		{7435B762-9B78-43C8-A9B6-7E137FD267EA} = {6298F00C-B9BE-4882-BF76-4B69D332DF95}
		{60FA97F8-73FB-402D-BAA3-49AC65528C5A} = {7435B762-9B78-43C8-A9B6-7E137FD267EA}
		{C3F802B8-D10D-438A-9A90-75AF99FBA1FD} = {6298F00C-B9BE-4882-BF76-4B69D332DF95}
		{83E78BB3-4F80-4096-BC43-2F65D7D977F8} = {C3F802B8-D10D-438A-9A90-75AF99FBA1FD}
		{F0B96139-F86C-4ABC-809C-AB9DF24CC193} = {6298F00C-B9BE-4882-BF76-4B69D332DF95}
		{5D579F8E-E677-45A6-BCA2-853FFBBD95B3} = {F0B96139-F86C-4ABC-809C-AB9DF24CC193}
		{12737F7D-33FD-4293-B718-ABC73B7EB830} = {F0B96139-F86C-4ABC-809C-AB9DF24CC193}
		{581FFC1A-F04A-4616-828D-C50987C52801} = {F0B96139-F86C-4ABC-809C-AB9DF24CC193}
		{054A9F9E-FDFB-40FB-8E61-C1D26150C6DF} = {F0B96139-F86C-4ABC-809C-AB9DF24CC193}
		{2593E4C3-D977-4A85-822A-05C9FAA41CB2} = {CE8156D5-90E1-497E-9B10-D61730F6CC08}
		{2067C1C4-D571-4C2E-811B-7A2C4E9037AB} = {201FA09B-9454-43DE-ACED-2A5E33E5C878}
	EndGlobalSection
	GlobalSection(ExtensibilityGlobals) = postSolution
		SolutionGuid = {AD13C459-B3D9-40C2-A69A-ADEE42D8119A}
	EndGlobalSection
EndGlobal
